
Microsoft Visual Studio Solution File, Format Version 12.00
# Visual Studio Version 17
VisualStudioVersion = 17.6.33723.286
MinimumVisualStudioVersion = 10.0.40219.1
Project("{9A19103F-16F7-4668-BE54-9A1E7A4F7556}") = "BTL", "BTL\BTL.csproj", "{5D2E11D1-B957-4BD3-8655-EA5F717F72B0}"
EndProject
Project("{9A19103F-16F7-4668-BE54-9A1E7A4F7556}") = "DTO", "DTO\DTO.csproj", "{F52BD45D-8502-4EA3-8237-9062B2155390}"
EndProject
Project("{9A19103F-16F7-4668-BE54-9A1E7A4F7556}") = "DAL", "DAL\DAL.csproj", "{4C4F11C8-0F78-41C8-8CCA-1BF5E1F0389C}"
EndProject
Project("{9A19103F-16F7-4668-BE54-9A1E7A4F7556}") = "BLL", "BLL\BLL.csproj", "{5861540A-F351-460A-AB8A-7BB4F46FBFC5}"
EndProject
Project("{2150E333-8FDC-42A3-9474-1A3956D46DE8}") = "Stored Procedure", "Stored Procedure", "{7623D4A2-3F27-48B6-B97D-C0A3BB18065C}"
EndProject
Global
	GlobalSection(SolutionConfigurationPlatforms) = preSolution
		Debug|Any CPU = Debug|Any CPU
		Release|Any CPU = Release|Any CPU
	EndGlobalSection
	GlobalSection(ProjectConfigurationPlatforms) = postSolution
		{5D2E11D1-B957-4BD3-8655-EA5F717F72B0}.Debug|Any CPU.ActiveCfg = Debug|Any CPU
		{5D2E11D1-B957-4BD3-8655-EA5F717F72B0}.Debug|Any CPU.Build.0 = Debug|Any CPU
		{5D2E11D1-B957-4BD3-8655-EA5F717F72B0}.Release|Any CPU.ActiveCfg = Release|Any CPU
		{5D2E11D1-B957-4BD3-8655-EA5F717F72B0}.Release|Any CPU.Build.0 = Release|Any CPU
		{F52BD45D-8502-4EA3-8237-9062B2155390}.Debug|Any CPU.ActiveCfg = Debug|Any CPU
		{F52BD45D-8502-4EA3-8237-9062B2155390}.Debug|Any CPU.Build.0 = Debug|Any CPU
		{F52BD45D-8502-4EA3-8237-9062B2155390}.Release|Any CPU.ActiveCfg = Release|Any CPU
		{F52BD45D-8502-4EA3-8237-9062B2155390}.Release|Any CPU.Build.0 = Release|Any CPU
		{4C4F11C8-0F78-41C8-8CCA-1BF5E1F0389C}.Debug|Any CPU.ActiveCfg = Debug|Any CPU
		{4C4F11C8-0F78-41C8-8CCA-1BF5E1F0389C}.Debug|Any CPU.Build.0 = Debug|Any CPU
		{4C4F11C8-0F78-41C8-8CCA-1BF5E1F0389C}.Release|Any CPU.ActiveCfg = Release|Any CPU
		{4C4F11C8-0F78-41C8-8CCA-1BF5E1F0389C}.Release|Any CPU.Build.0 = Release|Any CPU
		{5861540A-F351-460A-AB8A-7BB4F46FBFC5}.Debug|Any CPU.ActiveCfg = Debug|Any CPU
		{5861540A-F351-460A-AB8A-7BB4F46FBFC5}.Debug|Any CPU.Build.0 = Debug|Any CPU
		{5861540A-F351-460A-AB8A-7BB4F46FBFC5}.Release|Any CPU.ActiveCfg = Release|Any CPU
		{5861540A-F351-460A-AB8A-7BB4F46FBFC5}.Release|Any CPU.Build.0 = Release|Any CPU
	EndGlobalSection
	GlobalSection(SolutionProperties) = preSolution
		HideSolutionNode = FALSE
	EndGlobalSection
	GlobalSection(ExtensibilityGlobals) = postSolution
		SolutionGuid = {EC85BC64-248F-457C-9C31-BD3783BCD8CF}
	EndGlobalSection
EndGlobal
